{
  "name": "django_inline_formset",
  "lockfileVersion": 3,
  "requires": true,
  "packages": {
    "": {
      "dependencies": {
        "@wiris/mathtype-tinymce5": "^8.9.1"
      }
    },
    "node_modules/@wiris/mathtype-html-integration-devkit": {
      "version": "1.17.1",
      "resolved": "https://registry.npmjs.org/@wiris/mathtype-html-integration-devkit/-/mathtype-html-integration-devkit-1.17.1.tgz",
      "integrity": "sha512-JxTPtzkDKI7POPMzw2O+fDSKXBLe+H85e/zmfr6iRzqTpARYyfXiykTCzoEvvN3WUshhY3IryzRS60wUBr/wPg==",
      "dependencies": {
        "dompurify": "^3.0.10",
        "uuid": "^8.3.2"
      }
    },
    "node_modules/@wiris/mathtype-tinymce5": {
      "version": "8.9.1",
      "resolved": "https://registry.npmjs.org/@wiris/mathtype-tinymce5/-/mathtype-tinymce5-8.9.1.tgz",
      "integrity": "sha512-pVUp0k4ejs9hrqFVFhgKPW2Ot+PBIRiOmKX7hTh7zo07ofTu1fHxT1w8PKcEY83SR/5Tox3cm1zBSZng9Ib/hw==",
      "dependencies": {
        "@wiris/mathtype-html-integration-devkit": "1.17.1"
      }
    },
    "node_modules/dompurify": {
      "version": "3.1.2",
      "resolved": "https://registry.npmjs.org/dompurify/-/dompurify-3.1.2.tgz",
      "integrity": "sha512-hLGGBI1tw5N8qTELr3blKjAML/LY4ANxksbS612UiJyDfyf/2D092Pvm+S7pmeTGJRqvlJkFzBoHBQKgQlOQVg=="
    },
    "node_modules/uuid": {
      "version": "8.3.2",
      "resolved": "https://registry.npmjs.org/uuid/-/uuid-8.3.2.tgz",
      "integrity": "sha512-+NYs2QeMWy+GWFOEm9xnn6HCDp0l7QBD7ml8zLUmJ+93Q5NF0NocErnwkTkXVFNiX3/fpC6afS8Dhb/gz7R7eg==",
      "bin": {
        "uuid": "dist/bin/uuid"
      }
    }
  }
}
